
Microsoft Visual Studio Solution File, Format Version 12.00
# Visual Studio Version 17
VisualStudioVersion = 17.0.31903.59
MinimumVisualStudioVersion = 10.0.40219.1
Project("{FAE04EC0-301F-11D3-BF4B-00C04F79EFBC}") = "DDD_Project.Domain", "DDD_Project.Domain\DDD_Project.Domain.csproj", "{834C0FE3-4D0E-435C-86C8-1D2B82EDBFF1}"
EndProject
Project("{FAE04EC0-301F-11D3-BF4B-00C04F79EFBC}") = "DDD_Project.Application", "DDD_Project.Application\DDD_Project.Application.csproj", "{735B55CF-8616-4172-8228-319CF52ED35E}"
EndProject
Project("{FAE04EC0-301F-11D3-BF4B-00C04F79EFBC}") = "DDD_Project.Infrastructure", "DDD_Project.Infrastructure\DDD_Project.Infrastructure.csproj", "{D1BDC307-7EB2-41BB-8D0D-8F97CD719D46}"
EndProject
Project("{FAE04EC0-301F-11D3-BF4B-00C04F79EFBC}") = "DDD_Project.API", "DDD_Project.API\DDD_Project.API.csproj", "{21C7FDD5-830C-49CB-9D92-0DFFBD9BA21D}"
EndProject
Global
	GlobalSection(SolutionConfigurationPlatforms) = preSolution
		Debug|Any CPU = Debug|Any CPU
		Release|Any CPU = Release|Any CPU
	EndGlobalSection
	GlobalSection(SolutionProperties) = preSolution
		HideSolutionNode = FALSE
	EndGlobalSection
	GlobalSection(ProjectConfigurationPlatforms) = postSolution
		{834C0FE3-4D0E-435C-86C8-1D2B82EDBFF1}.Debug|Any CPU.ActiveCfg = Debug|Any CPU
		{834C0FE3-4D0E-435C-86C8-1D2B82EDBFF1}.Debug|Any CPU.Build.0 = Debug|Any CPU
		{834C0FE3-4D0E-435C-86C8-1D2B82EDBFF1}.Release|Any CPU.ActiveCfg = Release|Any CPU
		{834C0FE3-4D0E-435C-86C8-1D2B82EDBFF1}.Release|Any CPU.Build.0 = Release|Any CPU
		{735B55CF-8616-4172-8228-319CF52ED35E}.Debug|Any CPU.ActiveCfg = Debug|Any CPU
		{735B55CF-8616-4172-8228-319CF52ED35E}.Debug|Any CPU.Build.0 = Debug|Any CPU
		{735B55CF-8616-4172-8228-319CF52ED35E}.Release|Any CPU.ActiveCfg = Release|Any CPU
		{735B55CF-8616-4172-8228-319CF52ED35E}.Release|Any CPU.Build.0 = Release|Any CPU
		{D1BDC307-7EB2-41BB-8D0D-8F97CD719D46}.Debug|Any CPU.ActiveCfg = Debug|Any CPU
		{D1BDC307-7EB2-41BB-8D0D-8F97CD719D46}.Debug|Any CPU.Build.0 = Debug|Any CPU
		{D1BDC307-7EB2-41BB-8D0D-8F97CD719D46}.Release|Any CPU.ActiveCfg = Release|Any CPU
		{D1BDC307-7EB2-41BB-8D0D-8F97CD719D46}.Release|Any CPU.Build.0 = Release|Any CPU
		{21C7FDD5-830C-49CB-9D92-0DFFBD9BA21D}.Debug|Any CPU.ActiveCfg = Debug|Any CPU
		{21C7FDD5-830C-49CB-9D92-0DFFBD9BA21D}.Debug|Any CPU.Build.0 = Debug|Any CPU
		{21C7FDD5-830C-49CB-9D92-0DFFBD9BA21D}.Release|Any CPU.ActiveCfg = Release|Any CPU
		{21C7FDD5-830C-49CB-9D92-0DFFBD9BA21D}.Release|Any CPU.Build.0 = Release|Any CPU
	EndGlobalSection
EndGlobal
